
Microsoft Visual Studio Solution File, Format Version 12.00
# Visual Studio Version 16
VisualStudioVersion = 16.0.31112.23
MinimumVisualStudioVersion = 10.0.40219.1
Project("{FAE04EC0-301F-11D3-BF4B-00C04F79EFBC}") = "DutchTreat", "DutchTreat.csproj", "{20C7D7AB-EA94-4104-AC28-DC14C55E2B02}"
EndProject
Global
	GlobalSection(SolutionConfigurationPlatforms) = preSolution
		Debug|Any CPU = Debug|Any CPU
		Release|Any CPU = Release|Any CPU
	EndGlobalSection
	GlobalSection(ProjectConfigurationPlatforms) = postSolution
		{20C7D7AB-EA94-4104-AC28-DC14C55E2B02}.Debug|Any CPU.ActiveCfg = Debug|Any CPU
		{20C7D7AB-EA94-4104-AC28-DC14C55E2B02}.Debug|Any CPU.Build.0 = Debug|Any CPU
		{20C7D7AB-EA94-4104-AC28-DC14C55E2B02}.Release|Any CPU.ActiveCfg = Release|Any CPU
		{20C7D7AB-EA94-4104-AC28-DC14C55E2B02}.Release|Any CPU.Build.0 = Release|Any CPU
	EndGlobalSection
	GlobalSection(SolutionProperties) = preSolution
		HideSolutionNode = FALSE
	EndGlobalSection
	GlobalSection(ExtensibilityGlobals) = postSolution
		SolutionGuid = {04FBC0AA-8FF6-4FD2-87AB-79A46A9057EE}
	EndGlobalSection
EndGlobal
